
Microsoft Visual Studio Solution File, Format Version 12.00
# Visual Studio Version 16
VisualStudioVersion = 16.0.31702.278
MinimumVisualStudioVersion = 10.0.40219.1
Project("{FAE04EC0-301F-11D3-BF4B-00C04F79EFBC}") = "RoslynHelloWorld", "RoslynHelloWorld\RoslynHelloWorld.csproj", "{27D3D652-3390-4FBE-BEF6-D3FCBE15C896}"
EndProject
Global
	GlobalSection(SolutionConfigurationPlatforms) = preSolution
		Debug|Any CPU = Debug|Any CPU
		Release|Any CPU = Release|Any CPU
	EndGlobalSection
	GlobalSection(ProjectConfigurationPlatforms) = postSolution
		{27D3D652-3390-4FBE-BEF6-D3FCBE15C896}.Debug|Any CPU.ActiveCfg = Debug|Any CPU
		{27D3D652-3390-4FBE-BEF6-D3FCBE15C896}.Debug|Any CPU.Build.0 = Debug|Any CPU
		{27D3D652-3390-4FBE-BEF6-D3FCBE15C896}.Release|Any CPU.ActiveCfg = Release|Any CPU
		{27D3D652-3390-4FBE-BEF6-D3FCBE15C896}.Release|Any CPU.Build.0 = Release|Any CPU
	EndGlobalSection
	GlobalSection(SolutionProperties) = preSolution
		HideSolutionNode = FALSE
	EndGlobalSection
	GlobalSection(ExtensibilityGlobals) = postSolution
		SolutionGuid = {B9D4E25B-7F75-4B04-9468-EC560E46E3CA}
	EndGlobalSection
EndGlobal
